
Microsoft Visual Studio Solution File, Format Version 12.00
# Visual Studio Version 16
VisualStudioVersion = 16.0.30717.126
MinimumVisualStudioVersion = 10.0.40219.1
Project("{FAE04EC0-301F-11D3-BF4B-00C04F79EFBC}") = "ConcurrentLogWriterTest", "ConcurrentLogWriterTest.csproj", "{6E689DD8-BE9A-4B17-B0FC-EE0005F4CF4C}"
EndProject
Global
	GlobalSection(SolutionConfigurationPlatforms) = preSolution
		Debug|Any CPU = Debug|Any CPU
		Release|Any CPU = Release|Any CPU
	EndGlobalSection
	GlobalSection(ProjectConfigurationPlatforms) = postSolution
		{6E689DD8-BE9A-4B17-B0FC-EE0005F4CF4C}.Debug|Any CPU.ActiveCfg = Debug|Any CPU
		{6E689DD8-BE9A-4B17-B0FC-EE0005F4CF4C}.Debug|Any CPU.Build.0 = Debug|Any CPU
		{6E689DD8-BE9A-4B17-B0FC-EE0005F4CF4C}.Release|Any CPU.ActiveCfg = Release|Any CPU
		{6E689DD8-BE9A-4B17-B0FC-EE0005F4CF4C}.Release|Any CPU.Build.0 = Release|Any CPU
	EndGlobalSection
	GlobalSection(SolutionProperties) = preSolution
		HideSolutionNode = FALSE
	EndGlobalSection
	GlobalSection(ExtensibilityGlobals) = postSolution
		SolutionGuid = {635BF99B-9896-4C36-B9AB-0E5139066CCA}
	EndGlobalSection
EndGlobal
